// !$*UTF8*$!
{
	archiveVersion = 1;
	classes = {
	};
	objectVersion = 56;
	objects = {

/* Begin PBXBuildFile section */
		BA5BE7DA2BDCE0C9001B9B65 /* ContentView.swift in Sources */ = {isa = PBXBuildFile; fileRef = BA5BE7D92BDCE0C9001B9B65 /* ContentView.swift */; };
		BA5BE7DC2BDCE0CA001B9B65 /* Assets.xcassets in Resources */ = {isa = PBXBuildFile; fileRef = BA5BE7DB2BDCE0CA001B9B65 /* Assets.xcassets */; };
		BA5BE7DF2BDCE0CA001B9B65 /* Preview Assets.xcassets in Resources */ = {isa = PBXBuildFile; fileRef = BA5BE7DE2BDCE0CA001B9B65 /* Preview Assets.xcassets */; };
		BA5BE7E72BDCE18E001B9B65 /* AppDelegate.swift in Sources */ = {isa = PBXBuildFile; fileRef = BA5BE7E52BDCE18D001B9B65 /* AppDelegate.swift */; };
		BA5BE7E82BDCE18E001B9B65 /* SceneDelegate.swift in Sources */ = {isa = PBXBuildFile; fileRef = BA5BE7E62BDCE18E001B9B65 /* SceneDelegate.swift */; };
		BA5BE7EA2BDCE1F7001B9B65 /* DataManager.swift in Sources */ = {isa = PBXBuildFile; fileRef = BA5BE7E92BDCE1F7001B9B65 /* DataManager.swift */; };
		BA5BE7EC2BDCE3A3001B9B65 /* Person.swift in Sources */ = {isa = PBXBuildFile; fileRef = BA5BE7EB2BDCE3A3001B9B65 /* Person.swift */; };
		BA5BE7F02BDCECCE001B9B65 /* SectionsContactList.swift in Sources */ = {isa = PBXBuildFile; fileRef = BA5BE7EF2BDCECCE001B9B65 /* SectionsContactList.swift */; };
		BA5BE7F22BDCEFB3001B9B65 /* PersonView.swift in Sources */ = {isa = PBXBuildFile; fileRef = BA5BE7F12BDCEFB3001B9B65 /* PersonView.swift */; };
		BA5BE7F42BDCF09D001B9B65 /* ContactList.swift in Sources */ = {isa = PBXBuildFile; fileRef = BA5BE7F32BDCF09D001B9B65 /* ContactList.swift */; };
/* End PBXBuildFile section */

/* Begin PBXFileReference section */
		BA5BE7D42BDCE0C9001B9B65 /* ContactListSwiftUI.app */ = {isa = PBXFileReference; explicitFileType = wrapper.application; includeInIndex = 0; path = ContactListSwiftUI.app; sourceTree = BUILT_PRODUCTS_DIR; };
		BA5BE7D92BDCE0C9001B9B65 /* ContentView.swift */ = {isa = PBXFileReference; lastKnownFileType = sourcecode.swift; path = ContentView.swift; sourceTree = "<group>"; };
		BA5BE7DB2BDCE0CA001B9B65 /* Assets.xcassets */ = {isa = PBXFileReference; lastKnownFileType = folder.assetcatalog; path = Assets.xcassets; sourceTree = "<group>"; };
		BA5BE7DE2BDCE0CA001B9B65 /* Preview Assets.xcassets */ = {isa = PBXFileReference; lastKnownFileType = folder.assetcatalog; path = "Preview Assets.xcassets"; sourceTree = "<group>"; };
		BA5BE7E52BDCE18D001B9B65 /* AppDelegate.swift */ = {isa = PBXFileReference; fileEncoding = 4; lastKnownFileType = sourcecode.swift; path = AppDelegate.swift; sourceTree = "<group>"; };
		BA5BE7E62BDCE18E001B9B65 /* SceneDelegate.swift */ = {isa = PBXFileReference; fileEncoding = 4; lastKnownFileType = sourcecode.swift; path = SceneDelegate.swift; sourceTree = "<group>"; };
		BA5BE7E92BDCE1F7001B9B65 /* DataManager.swift */ = {isa = PBXFileReference; lastKnownFileType = sourcecode.swift; path = DataManager.swift; sourceTree = "<group>"; };
		BA5BE7EB2BDCE3A3001B9B65 /* Person.swift */ = {isa = PBXFileReference; lastKnownFileType = sourcecode.swift; path = Person.swift; sourceTree = "<group>"; };
		BA5BE7EF2BDCECCE001B9B65 /* SectionsContactList.swift */ = {isa = PBXFileReference; lastKnownFileType = sourcecode.swift; path = SectionsContactList.swift; sourceTree = "<group>"; };
		BA5BE7F12BDCEFB3001B9B65 /* PersonView.swift */ = {isa = PBXFileReference; lastKnownFileType = sourcecode.swift; path = PersonView.swift; sourceTree = "<group>"; };
		BA5BE7F32BDCF09D001B9B65 /* ContactList.swift */ = {isa = PBXFileReference; lastKnownFileType = sourcecode.swift; path = ContactList.swift; sourceTree = "<group>"; };
/* End PBXFileReference section */

/* Begin PBXFrameworksBuildPhase section */
		BA5BE7D12BDCE0C9001B9B65 /* Frameworks */ = {
			isa = PBXFrameworksBuildPhase;
			buildActionMask = 2147483647;
			files = (
			);
			runOnlyForDeploymentPostprocessing = 0;
		};
/* End PBXFrameworksBuildPhase section */

/* Begin PBXGroup section */
		BA5BE7CB2BDCE0C9001B9B65 = {
			isa = PBXGroup;
			children = (
				BA5BE7D62BDCE0C9001B9B65 /* ContactListSwiftUI */,
				BA5BE7D52BDCE0C9001B9B65 /* Products */,
			);
			sourceTree = "<group>";
		};
		BA5BE7D52BDCE0C9001B9B65 /* Products */ = {
			isa = PBXGroup;
			children = (
				BA5BE7D42BDCE0C9001B9B65 /* ContactListSwiftUI.app */,
			);
			name = Products;
			sourceTree = "<group>";
		};
		BA5BE7D62BDCE0C9001B9B65 /* ContactListSwiftUI */ = {
			isa = PBXGroup;
			children = (
				BA5BE7F52BDCF1CE001B9B65 /* Views */,
				BA5BE7EE2BDCEC97001B9B65 /* Managers */,
				BA5BE7ED2BDCEC8B001B9B65 /* Models */,
				BA5BE7E52BDCE18D001B9B65 /* AppDelegate.swift */,
				BA5BE7E62BDCE18E001B9B65 /* SceneDelegate.swift */,
				BA5BE7DB2BDCE0CA001B9B65 /* Assets.xcassets */,
				BA5BE7DD2BDCE0CA001B9B65 /* Preview Content */,
			);
			path = ContactListSwiftUI;
			sourceTree = "<group>";
		};
		BA5BE7DD2BDCE0CA001B9B65 /* Preview Content */ = {
			isa = PBXGroup;
			children = (
				BA5BE7DE2BDCE0CA001B9B65 /* Preview Assets.xcassets */,
			);
			path = "Preview Content";
			sourceTree = "<group>";
		};
		BA5BE7ED2BDCEC8B001B9B65 /* Models */ = {
			isa = PBXGroup;
			children = (
				BA5BE7EB2BDCE3A3001B9B65 /* Person.swift */,
			);
			path = Models;
			sourceTree = "<group>";
		};
		BA5BE7EE2BDCEC97001B9B65 /* Managers */ = {
			isa = PBXGroup;
			children = (
				BA5BE7E92BDCE1F7001B9B65 /* DataManager.swift */,
			);
			path = Managers;
			sourceTree = "<group>";
		};
		BA5BE7F52BDCF1CE001B9B65 /* Views */ = {
			isa = PBXGroup;
			children = (
				BA5BE7D92BDCE0C9001B9B65 /* ContentView.swift */,
				BA5BE7F32BDCF09D001B9B65 /* ContactList.swift */,
				BA5BE7F12BDCEFB3001B9B65 /* PersonView.swift */,
				BA5BE7EF2BDCECCE001B9B65 /* SectionsContactList.swift */,
			);
			path = Views;
			sourceTree = "<group>";
		};
/* End PBXGroup section */

/* Begin PBXNativeTarget section */
		BA5BE7D32BDCE0C9001B9B65 /* ContactListSwiftUI */ = {
			isa = PBXNativeTarget;
			buildConfigurationList = BA5BE7E22BDCE0CA001B9B65 /* Build configuration list for PBXNativeTarget "ContactListSwiftUI" */;
			buildPhases = (
				BA5BE7D02BDCE0C9001B9B65 /* Sources */,
				BA5BE7D12BDCE0C9001B9B65 /* Frameworks */,
				BA5BE7D22BDCE0C9001B9B65 /* Resources */,
			);
			buildRules = (
			);
			dependencies = (
			);
			name = ContactListSwiftUI;
			productName = ContactListSwiftUI;
			productReference = BA5BE7D42BDCE0C9001B9B65 /* ContactListSwiftUI.app */;
			productType = "com.apple.product-type.application";
		};
/* End PBXNativeTarget section */

/* Begin PBXProject section */
		BA5BE7CC2BDCE0C9001B9B65 /* Project object */ = {
			isa = PBXProject;
			attributes = {
				BuildIndependentTargetsInParallel = 1;
				LastSwiftUpdateCheck = 1500;
				LastUpgradeCheck = 1500;
				TargetAttributes = {
					BA5BE7D32BDCE0C9001B9B65 = {
						CreatedOnToolsVersion = 15.0.1;
					};
				};
			};
			buildConfigurationList = BA5BE7CF2BDCE0C9001B9B65 /* Build configuration list for PBXProject "ContactListSwiftUI" */;
			compatibilityVersion = "Xcode 14.0";
			developmentRegion = en;
			hasScannedForEncodings = 0;
			knownRegions = (
				en,
				Base,
			);
			mainGroup = BA5BE7CB2BDCE0C9001B9B65;
			productRefGroup = BA5BE7D52BDCE0C9001B9B65 /* Products */;
			projectDirPath = "";
			projectRoot = "";
			targets = (
				BA5BE7D32BDCE0C9001B9B65 /* ContactListSwiftUI */,
			);
		};
/* End PBXProject section */

/* Begin PBXResourcesBuildPhase section */
		BA5BE7D22BDCE0C9001B9B65 /* Resources */ = {
			isa = PBXResourcesBuildPhase;
			buildActionMask = 2147483647;
			files = (
				BA5BE7DF2BDCE0CA001B9B65 /* Preview Assets.xcassets in Resources */,
				BA5BE7DC2BDCE0CA001B9B65 /* Assets.xcassets in Resources */,
			);
			runOnlyForDeploymentPostprocessing = 0;
		};
/* End PBXResourcesBuildPhase section */

/* Begin PBXSourcesBuildPhase section */
		BA5BE7D02BDCE0C9001B9B65 /* Sources */ = {
			isa = PBXSourcesBuildPhase;
			buildActionMask = 2147483647;
			files = (
				BA5BE7F02BDCECCE001B9B65 /* SectionsContactList.swift in Sources */,
				BA5BE7EC2BDCE3A3001B9B65 /* Person.swift in Sources */,
				BA5BE7E72BDCE18E001B9B65 /* AppDelegate.swift in Sources */,
				BA5BE7EA2BDCE1F7001B9B65 /* DataManager.swift in Sources */,
				BA5BE7F42BDCF09D001B9B65 /* ContactList.swift in Sources */,
				BA5BE7DA2BDCE0C9001B9B65 /* ContentView.swift in Sources */,
				BA5BE7E82BDCE18E001B9B65 /* SceneDelegate.swift in Sources */,
				BA5BE7F22BDCEFB3001B9B65 /* PersonView.swift in Sources */,
			);
			runOnlyForDeploymentPostprocessing = 0;
		};
/* End PBXSourcesBuildPhase section */

/* Begin XCBuildConfiguration section */
		BA5BE7E02BDCE0CA001B9B65 /* Debug */ = {
			isa = XCBuildConfiguration;
			buildSettings = {
				ALWAYS_SEARCH_USER_PATHS = NO;
				ASSETCATALOG_COMPILER_GENERATE_SWIFT_ASSET_SYMBOL_EXTENSIONS = YES;
				CLANG_ANALYZER_NONNULL = YES;
				CLANG_ANALYZER_NUMBER_OBJECT_CONVERSION = YES_AGGRESSIVE;
				CLANG_CXX_LANGUAGE_STANDARD = "gnu++20";
				CLANG_ENABLE_MODULES = YES;
				CLANG_ENABLE_OBJC_ARC = YES;
				CLANG_ENABLE_OBJC_WEAK = YES;
				CLANG_WARN_BLOCK_CAPTURE_AUTORELEASING = YES;
				CLANG_WARN_BOOL_CONVERSION = YES;
				CLANG_WARN_COMMA = YES;
				CLANG_WARN_CONSTANT_CONVERSION = YES;
				CLANG_WARN_DEPRECATED_OBJC_IMPLEMENTATIONS = YES;
				CLANG_WARN_DIRECT_OBJC_ISA_USAGE = YES_ERROR;
				CLANG_WARN_DOCUMENTATION_COMMENTS = YES;
				CLANG_WARN_EMPTY_BODY = YES;
				CLANG_WARN_ENUM_CONVERSION = YES;
				CLANG_WARN_INFINITE_RECURSION = YES;
				CLANG_WARN_INT_CONVERSION = YES;
				CLANG_WARN_NON_LITERAL_NULL_CONVERSION = YES;
				CLANG_WARN_OBJC_IMPLICIT_RETAIN_SELF = YES;
				CLANG_WARN_OBJC_LITERAL_CONVERSION = YES;
				CLANG_WARN_OBJC_ROOT_CLASS = YES_ERROR;
				CLANG_WARN_QUOTED_INCLUDE_IN_FRAMEWORK_HEADER = YES;
				CLANG_WARN_RANGE_LOOP_ANALYSIS = YES;
				CLANG_WARN_STRICT_PROTOTYPES = YES;
				CLANG_WARN_SUSPICIOUS_MOVE = YES;
				CLANG_WARN_UNGUARDED_AVAILABILITY = YES_AGGRESSIVE;
				CLANG_WARN_UNREACHABLE_CODE = YES;
				CLANG_WARN__DUPLICATE_METHOD_MATCH = YES;
				COPY_PHASE_STRIP = NO;
				DEBUG_INFORMATION_FORMAT = dwarf;
				ENABLE_STRICT_OBJC_MSGSEND = YES;
				ENABLE_TESTABILITY = YES;
				ENABLE_USER_SCRIPT_SANDBOXING = YES;
				GCC_C_LANGUAGE_STANDARD = gnu17;
				GCC_DYNAMIC_NO_PIC = NO;
				GCC_NO_COMMON_BLOCKS = YES;
				GCC_OPTIMIZATION_LEVEL = 0;
				GCC_PREPROCESSOR_DEFINITIONS = (
					"DEBUG=1",
					"$(inherited)",
				);
				GCC_WARN_64_TO_32_BIT_CONVERSION = YES;
				GCC_WARN_ABOUT_RETURN_TYPE = YES_ERROR;
				GCC_WARN_UNDECLARED_SELECTOR = YES;
				GCC_WARN_UNINITIALIZED_AUTOS = YES_AGGRESSIVE;
				GCC_WARN_UNUSED_FUNCTION = YES;
				GCC_WARN_UNUSED_VARIABLE = YES;
				IPHONEOS_DEPLOYMENT_TARGET = 17.0;
				LOCALIZATION_PREFERS_STRING_CATALOGS = YES;
				MTL_ENABLE_DEBUG_INFO = INCLUDE_SOURCE;
				MTL_FAST_MATH = YES;
				ONLY_ACTIVE_ARCH = YES;
				SDKROOT = iphoneos;
				SWIFT_ACTIVE_COMPILATION_CONDITIONS = "DEBUG $(inherited)";
				SWIFT_OPTIMIZATION_LEVEL = "-Onone";
			};
			name = Debug;
		};
		BA5BE7E12BDCE0CA001B9B65 /* Release */ = {
			isa = XCBuildConfiguration;
			buildSettings = {
				ALWAYS_SEARCH_USER_PATHS = NO;
				ASSETCATALOG_COMPILER_GENERATE_SWIFT_ASSET_SYMBOL_EXTENSIONS = YES;
				CLANG_ANALYZER_NONNULL = YES;
				CLANG_ANALYZER_NUMBER_OBJECT_CONVERSION = YES_AGGRESSIVE;
				CLANG_CXX_LANGUAGE_STANDARD = "gnu++20";
				CLANG_ENABLE_MODULES = YES;
				CLANG_ENABLE_OBJC_ARC = YES;
				CLANG_ENABLE_OBJC_WEAK = YES;
				CLANG_WARN_BLOCK_CAPTURE_AUTORELEASING = YES;
				CLANG_WARN_BOOL_CONVERSION = YES;
				CLANG_WARN_COMMA = YES;
				CLANG_WARN_CONSTANT_CONVERSION = YES;
				CLANG_WARN_DEPRECATED_OBJC_IMPLEMENTATIONS = YES;
				CLANG_WARN_DIRECT_OBJC_ISA_USAGE = YES_ERROR;
				CLANG_WARN_DOCUMENTATION_COMMENTS = YES;
				CLANG_WARN_EMPTY_BODY = YES;
				CLANG_WARN_ENUM_CONVERSION = YES;
				CLANG_WARN_INFINITE_RECURSION = YES;
				CLANG_WARN_INT_CONVERSION = YES;
				CLANG_WARN_NON_LITERAL_NULL_CONVERSION = YES;
				CLANG_WARN_OBJC_IMPLICIT_RETAIN_SELF = YES;
				CLANG_WARN_OBJC_LITERAL_CONVERSION = YES;
				CLANG_WARN_OBJC_ROOT_CLASS = YES_ERROR;
				CLANG_WARN_QUOTED_INCLUDE_IN_FRAMEWORK_HEADER = YES;
				CLANG_WARN_RANGE_LOOP_ANALYSIS = YES;
				CLANG_WARN_STRICT_PROTOTYPES = YES;
				CLANG_WARN_SUSPICIOUS_MOVE = YES;
				CLANG_WARN_UNGUARDED_AVAILABILITY = YES_AGGRESSIVE;
				CLANG_WARN_UNREACHABLE_CODE = YES;
				CLANG_WARN__DUPLICATE_METHOD_MATCH = YES;
				COPY_PHASE_STRIP = NO;
				DEBUG_INFORMATION_FORMAT = "dwarf-with-dsym";
				ENABLE_NS_ASSERTIONS = NO;
				ENABLE_STRICT_OBJC_MSGSEND = YES;
				ENABLE_USER_SCRIPT_SANDBOXING = YES;
				GCC_C_LANGUAGE_STANDARD = gnu17;
				GCC_NO_COMMON_BLOCKS = YES;
				GCC_WARN_64_TO_32_BIT_CONVERSION = YES;
				GCC_WARN_ABOUT_RETURN_TYPE = YES_ERROR;
				GCC_WARN_UNDECLARED_SELECTOR = YES;
				GCC_WARN_UNINITIALIZED_AUTOS = YES_AGGRESSIVE;
				GCC_WARN_UNUSED_FUNCTION = YES;
				GCC_WARN_UNUSED_VARIABLE = YES;
				IPHONEOS_DEPLOYMENT_TARGET = 17.0;
				LOCALIZATION_PREFERS_STRING_CATALOGS = YES;
				MTL_ENABLE_DEBUG_INFO = NO;
				MTL_FAST_MATH = YES;
				SDKROOT = iphoneos;
				SWIFT_COMPILATION_MODE = wholemodule;
				VALIDATE_PRODUCT = YES;
			};
			name = Release;
		};
		BA5BE7E32BDCE0CA001B9B65 /* Debug */ = {
			isa = XCBuildConfiguration;
			buildSettings = {
				ASSETCATALOG_COMPILER_APPICON_NAME = AppIcon;
				ASSETCATALOG_COMPILER_GLOBAL_ACCENT_COLOR_NAME = AccentColor;
				CODE_SIGN_STYLE = Automatic;
				CURRENT_PROJECT_VERSION = 1;
				DEVELOPMENT_ASSET_PATHS = "\"ContactListSwiftUI/Preview Content\"";
				DEVELOPMENT_TEAM = LBC2FW8GZY;
				ENABLE_PREVIEWS = YES;
				GENERATE_INFOPLIST_FILE = YES;
				INFOPLIST_KEY_UIApplicationSceneManifest_Generation = YES;
				INFOPLIST_KEY_UIApplicationSupportsIndirectInputEvents = YES;
				INFOPLIST_KEY_UILaunchScreen_Generation = YES;
				INFOPLIST_KEY_UISupportedInterfaceOrientations_iPad = "UIInterfaceOrientationPortrait UIInterfaceOrientationPortraitUpsideDown UIInterfaceOrientationLandscapeLeft UIInterfaceOrientationLandscapeRight";
				INFOPLIST_KEY_UISupportedInterfaceOrientations_iPhone = "UIInterfaceOrientationPortrait UIInterfaceOrientationLandscapeLeft UIInterfaceOrientationLandscapeRight";
				LD_RUNPATH_SEARCH_PATHS = (
					"$(inherited)",
					"@executable_path/Frameworks",
				);
				MARKETING_VERSION = 1.0;
				PRODUCT_BUNDLE_IDENTIFIER = ru.swiftbook.ContactListSwiftUI;
				PRODUCT_NAME = "$(TARGET_NAME)";
				SWIFT_EMIT_LOC_STRINGS = YES;
				SWIFT_VERSION = 5.0;
				TARGETED_DEVICE_FAMILY = "1,2";
			};
			name = Debug;
		};
		BA5BE7E42BDCE0CA001B9B65 /* Release */ = {
			isa = XCBuildConfiguration;
			buildSettings = {
				ASSETCATALOG_COMPILER_APPICON_NAME = AppIcon;
				ASSETCATALOG_COMPILER_GLOBAL_ACCENT_COLOR_NAME = AccentColor;
				CODE_SIGN_STYLE = Automatic;
				CURRENT_PROJECT_VERSION = 1;
				DEVELOPMENT_ASSET_PATHS = "\"ContactListSwiftUI/Preview Content\"";
				DEVELOPMENT_TEAM = LBC2FW8GZY;
				ENABLE_PREVIEWS = YES;
				GENERATE_INFOPLIST_FILE = YES;
				INFOPLIST_KEY_UIApplicationSceneManifest_Generation = YES;
				INFOPLIST_KEY_UIApplicationSupportsIndirectInputEvents = YES;
				INFOPLIST_KEY_UILaunchScreen_Generation = YES;
				INFOPLIST_KEY_UISupportedInterfaceOrientations_iPad = "UIInterfaceOrientationPortrait UIInterfaceOrientationPortraitUpsideDown UIInterfaceOrientationLandscapeLeft UIInterfaceOrientationLandscapeRight";
				INFOPLIST_KEY_UISupportedInterfaceOrientations_iPhone = "UIInterfaceOrientationPortrait UIInterfaceOrientationLandscapeLeft UIInterfaceOrientationLandscapeRight";
				LD_RUNPATH_SEARCH_PATHS = (
					"$(inherited)",
					"@executable_path/Frameworks",
				);
				MARKETING_VERSION = 1.0;
				PRODUCT_BUNDLE_IDENTIFIER = ru.swiftbook.ContactListSwiftUI;
				PRODUCT_NAME = "$(TARGET_NAME)";
				SWIFT_EMIT_LOC_STRINGS = YES;
				SWIFT_VERSION = 5.0;
				TARGETED_DEVICE_FAMILY = "1,2";
			};
			name = Release;
		};
/* End XCBuildConfiguration section */

/* Begin XCConfigurationList section */
		BA5BE7CF2BDCE0C9001B9B65 /* Build configuration list for PBXProject "ContactListSwiftUI" */ = {
			isa = XCConfigurationList;
			buildConfigurations = (
				BA5BE7E02BDCE0CA001B9B65 /* Debug */,
				BA5BE7E12BDCE0CA001B9B65 /* Release */,
			);
			defaultConfigurationIsVisible = 0;
			defaultConfigurationName = Release;
		};
		BA5BE7E22BDCE0CA001B9B65 /* Build configuration list for PBXNativeTarget "ContactListSwiftUI" */ = {
			isa = XCConfigurationList;
			buildConfigurations = (
				BA5BE7E32BDCE0CA001B9B65 /* Debug */,
				BA5BE7E42BDCE0CA001B9B65 /* Release */,
			);
			defaultConfigurationIsVisible = 0;
			defaultConfigurationName = Release;
		};
/* End XCConfigurationList section */
	};
	rootObject = BA5BE7CC2BDCE0C9001B9B65 /* Project object */;
}
